// !$*UTF8*$!
{
	archiveVersion = 1;
	classes = {
	};
	objectVersion = 46;
	objects = {

/* Begin PBXBuildFile section */
		CF9BC4B319DE742300EAA870 /* AppDelegate.swift in Sources */ = {isa = PBXBuildFile; fileRef = CF9BC4B219DE742300EAA870 /* AppDelegate.swift */; };
		CF9BC4B519DE742300EAA870 /* ViewController.swift in Sources */ = {isa = PBXBuildFile; fileRef = CF9BC4B419DE742300EAA870 /* ViewController.swift */; };
		CF9BC4B819DE742300EAA870 /* Main.storyboard in Resources */ = {isa = PBXBuildFile; fileRef = CF9BC4B619DE742300EAA870 /* Main.storyboard */; };
		CF9BC4BA19DE742300EAA870 /* Images.xcassets in Resources */ = {isa = PBXBuildFile; fileRef = CF9BC4B919DE742300EAA870 /* Images.xcassets */; };
		CF9BC4BD19DE742300EAA870 /* LaunchScreen.xib in Resources */ = {isa = PBXBuildFile; fileRef = CF9BC4BB19DE742300EAA870 /* LaunchScreen.xib */; };
		CF9BC4C919DE742300EAA870 /* Learning_SwiftTests.swift in Sources */ = {isa = PBXBuildFile; fileRef = CF9BC4C819DE742300EAA870 /* Learning_SwiftTests.swift */; };
/* End PBXBuildFile section */

/* Begin PBXContainerItemProxy section */
		CF9BC4C319DE742300EAA870 /* PBXContainerItemProxy */ = {
			isa = PBXContainerItemProxy;
			containerPortal = CF9BC4A519DE742300EAA870 /* Project object */;
			proxyType = 1;
			remoteGlobalIDString = CF9BC4AC19DE742300EAA870;
			remoteInfo = "Learning Swift";
		};
/* End PBXContainerItemProxy section */

/* Begin PBXFileReference section */
		CF9BC4AD19DE742300EAA870 /* Learning Swift.app */ = {isa = PBXFileReference; explicitFileType = wrapper.application; includeInIndex = 0; path = "Learning Swift.app"; sourceTree = BUILT_PRODUCTS_DIR; };
		CF9BC4B119DE742300EAA870 /* Info.plist */ = {isa = PBXFileReference; lastKnownFileType = text.plist.xml; path = Info.plist; sourceTree = "<group>"; };
		CF9BC4B219DE742300EAA870 /* AppDelegate.swift */ = {isa = PBXFileReference; lastKnownFileType = sourcecode.swift; path = AppDelegate.swift; sourceTree = "<group>"; };
		CF9BC4B419DE742300EAA870 /* ViewController.swift */ = {isa = PBXFileReference; lastKnownFileType = sourcecode.swift; path = ViewController.swift; sourceTree = "<group>"; };
		CF9BC4B719DE742300EAA870 /* Base */ = {isa = PBXFileReference; lastKnownFileType = file.storyboard; name = Base; path = Base.lproj/Main.storyboard; sourceTree = "<group>"; };
		CF9BC4B919DE742300EAA870 /* Images.xcassets */ = {isa = PBXFileReference; lastKnownFileType = folder.assetcatalog; path = Images.xcassets; sourceTree = "<group>"; };
		CF9BC4BC19DE742300EAA870 /* Base */ = {isa = PBXFileReference; lastKnownFileType = file.xib; name = Base; path = Base.lproj/LaunchScreen.xib; sourceTree = "<group>"; };
		CF9BC4C219DE742300EAA870 /* Learning SwiftTests.xctest */ = {isa = PBXFileReference; explicitFileType = wrapper.cfbundle; includeInIndex = 0; path = "Learning SwiftTests.xctest"; sourceTree = BUILT_PRODUCTS_DIR; };
		CF9BC4C719DE742300EAA870 /* Info.plist */ = {isa = PBXFileReference; lastKnownFileType = text.plist.xml; path = Info.plist; sourceTree = "<group>"; };
		CF9BC4C819DE742300EAA870 /* Learning_SwiftTests.swift */ = {isa = PBXFileReference; lastKnownFileType = sourcecode.swift; path = Learning_SwiftTests.swift; sourceTree = "<group>"; };
		CF9BC4D219DE747300EAA870 /* MyPlayground.playground */ = {isa = PBXFileReference; lastKnownFileType = file.playground; path = MyPlayground.playground; sourceTree = "<group>"; };
		CFEB300E19E3A604005550D6 /* IfAndElse.playground */ = {isa = PBXFileReference; lastKnownFileType = file.playground; path = IfAndElse.playground; sourceTree = "<group>"; };
/* End PBXFileReference section */

/* Begin PBXFrameworksBuildPhase section */
		CF9BC4AA19DE742300EAA870 /* Frameworks */ = {
			isa = PBXFrameworksBuildPhase;
			buildActionMask = 2147483647;
			files = (
			);
			runOnlyForDeploymentPostprocessing = 0;
		};
		CF9BC4BF19DE742300EAA870 /* Frameworks */ = {
			isa = PBXFrameworksBuildPhase;
			buildActionMask = 2147483647;
			files = (
			);
			runOnlyForDeploymentPostprocessing = 0;
		};
/* End PBXFrameworksBuildPhase section */

/* Begin PBXGroup section */
		CF9BC4A419DE742300EAA870 = {
			isa = PBXGroup;
			children = (
				CF9BC4AF19DE742300EAA870 /* Learning Swift */,
				CF9BC4C519DE742300EAA870 /* Learning SwiftTests */,
				CF9BC4AE19DE742300EAA870 /* Products */,
			);
			sourceTree = "<group>";
		};
		CF9BC4AE19DE742300EAA870 /* Products */ = {
			isa = PBXGroup;
			children = (
				CF9BC4AD19DE742300EAA870 /* Learning Swift.app */,
				CF9BC4C219DE742300EAA870 /* Learning SwiftTests.xctest */,
			);
			name = Products;
			sourceTree = "<group>";
		};
		CF9BC4AF19DE742300EAA870 /* Learning Swift */ = {
			isa = PBXGroup;
			children = (
				CF9BC4B219DE742300EAA870 /* AppDelegate.swift */,
				CF9BC4B419DE742300EAA870 /* ViewController.swift */,
				CF9BC4D219DE747300EAA870 /* MyPlayground.playground */,
				CFEB300E19E3A604005550D6 /* IfAndElse.playground */,
				CF9BC4B619DE742300EAA870 /* Main.storyboard */,
				CF9BC4B919DE742300EAA870 /* Images.xcassets */,
				CF9BC4BB19DE742300EAA870 /* LaunchScreen.xib */,
				CF9BC4B019DE742300EAA870 /* Supporting Files */,
			);
			path = "Learning Swift";
			sourceTree = "<group>";
		};
		CF9BC4B019DE742300EAA870 /* Supporting Files */ = {
			isa = PBXGroup;
			children = (
				CF9BC4B119DE742300EAA870 /* Info.plist */,
			);
			name = "Supporting Files";
			sourceTree = "<group>";
		};
		CF9BC4C519DE742300EAA870 /* Learning SwiftTests */ = {
			isa = PBXGroup;
			children = (
				CF9BC4C819DE742300EAA870 /* Learning_SwiftTests.swift */,
				CF9BC4C619DE742300EAA870 /* Supporting Files */,
			);
			path = "Learning SwiftTests";
			sourceTree = "<group>";
		};
		CF9BC4C619DE742300EAA870 /* Supporting Files */ = {
			isa = PBXGroup;
			children = (
				CF9BC4C719DE742300EAA870 /* Info.plist */,
			);
			name = "Supporting Files";
			sourceTree = "<group>";
		};
/* End PBXGroup section */

/* Begin PBXNativeTarget section */
		CF9BC4AC19DE742300EAA870 /* Learning Swift */ = {
			isa = PBXNativeTarget;
			buildConfigurationList = CF9BC4CC19DE742300EAA870 /* Build configuration list for PBXNativeTarget "Learning Swift" */;
			buildPhases = (
				CF9BC4A919DE742300EAA870 /* Sources */,
				CF9BC4AA19DE742300EAA870 /* Frameworks */,
				CF9BC4AB19DE742300EAA870 /* Resources */,
			);
			buildRules = (
			);
			dependencies = (
			);
			name = "Learning Swift";
			productName = "Learning Swift";
			productReference = CF9BC4AD19DE742300EAA870 /* Learning Swift.app */;
			productType = "com.apple.product-type.application";
		};
		CF9BC4C119DE742300EAA870 /* Learning SwiftTests */ = {
			isa = PBXNativeTarget;
			buildConfigurationList = CF9BC4CF19DE742300EAA870 /* Build configuration list for PBXNativeTarget "Learning SwiftTests" */;
			buildPhases = (
				CF9BC4BE19DE742300EAA870 /* Sources */,
				CF9BC4BF19DE742300EAA870 /* Frameworks */,
				CF9BC4C019DE742300EAA870 /* Resources */,
			);
			buildRules = (
			);
			dependencies = (
				CF9BC4C419DE742300EAA870 /* PBXTargetDependency */,
			);
			name = "Learning SwiftTests";
			productName = "Learning SwiftTests";
			productReference = CF9BC4C219DE742300EAA870 /* Learning SwiftTests.xctest */;
			productType = "com.apple.product-type.bundle.unit-test";
		};
/* End PBXNativeTarget section */

/* Begin PBXProject section */
		CF9BC4A519DE742300EAA870 /* Project object */ = {
			isa = PBXProject;
			attributes = {
				LastUpgradeCheck = 0600;
				ORGANIZATIONNAME = Udemy;
				TargetAttributes = {
					CF9BC4AC19DE742300EAA870 = {
						CreatedOnToolsVersion = 6.0.1;
					};
					CF9BC4C119DE742300EAA870 = {
						CreatedOnToolsVersion = 6.0.1;
						TestTargetID = CF9BC4AC19DE742300EAA870;
					};
				};
			};
			buildConfigurationList = CF9BC4A819DE742300EAA870 /* Build configuration list for PBXProject "Learning Swift" */;
			compatibilityVersion = "Xcode 3.2";
			developmentRegion = English;
			hasScannedForEncodings = 0;
			knownRegions = (
				en,
				Base,
			);
			mainGroup = CF9BC4A419DE742300EAA870;
			productRefGroup = CF9BC4AE19DE742300EAA870 /* Products */;
			projectDirPath = "";
			projectRoot = "";
			targets = (
				CF9BC4AC19DE742300EAA870 /* Learning Swift */,
				CF9BC4C119DE742300EAA870 /* Learning SwiftTests */,
			);
		};
/* End PBXProject section */

/* Begin PBXResourcesBuildPhase section */
		CF9BC4AB19DE742300EAA870 /* Resources */ = {
			isa = PBXResourcesBuildPhase;
			buildActionMask = 2147483647;
			files = (
				CF9BC4B819DE742300EAA870 /* Main.storyboard in Resources */,
				CF9BC4BD19DE742300EAA870 /* LaunchScreen.xib in Resources */,
				CF9BC4BA19DE742300EAA870 /* Images.xcassets in Resources */,
			);
			runOnlyForDeploymentPostprocessing = 0;
		};
		CF9BC4C019DE742300EAA870 /* Resources */ = {
			isa = PBXResourcesBuildPhase;
			buildActionMask = 2147483647;
			files = (
			);
			runOnlyForDeploymentPostprocessing = 0;
		};
/* End PBXResourcesBuildPhase section */

/* Begin PBXSourcesBuildPhase section */
		CF9BC4A919DE742300EAA870 /* Sources */ = {
			isa = PBXSourcesBuildPhase;
			buildActionMask = 2147483647;
			files = (
				CF9BC4B519DE742300EAA870 /* ViewController.swift in Sources */,
				CF9BC4B319DE742300EAA870 /* AppDelegate.swift in Sources */,
			);
			runOnlyForDeploymentPostprocessing = 0;
		};
		CF9BC4BE19DE742300EAA870 /* Sources */ = {
			isa = PBXSourcesBuildPhase;
			buildActionMask = 2147483647;
			files = (
				CF9BC4C919DE742300EAA870 /* Learning_SwiftTests.swift in Sources */,
			);
			runOnlyForDeploymentPostprocessing = 0;
		};
/* End PBXSourcesBuildPhase section */

/* Begin PBXTargetDependency section */
		CF9BC4C419DE742300EAA870 /* PBXTargetDependency */ = {
			isa = PBXTargetDependency;
			target = CF9BC4AC19DE742300EAA870 /* Learning Swift */;
			targetProxy = CF9BC4C319DE742300EAA870 /* PBXContainerItemProxy */;
		};
/* End PBXTargetDependency section */

/* Begin PBXVariantGroup section */
		CF9BC4B619DE742300EAA870 /* Main.storyboard */ = {
			isa = PBXVariantGroup;
			children = (
				CF9BC4B719DE742300EAA870 /* Base */,
			);
			name = Main.storyboard;
			sourceTree = "<group>";
		};
		CF9BC4BB19DE742300EAA870 /* LaunchScreen.xib */ = {
			isa = PBXVariantGroup;
			children = (
				CF9BC4BC19DE742300EAA870 /* Base */,
			);
			name = LaunchScreen.xib;
			sourceTree = "<group>";
		};
/* End PBXVariantGroup section */

/* Begin XCBuildConfiguration section */
		CF9BC4CA19DE742300EAA870 /* Debug */ = {
			isa = XCBuildConfiguration;
			buildSettings = {
				ALWAYS_SEARCH_USER_PATHS = NO;
				CLANG_CXX_LANGUAGE_STANDARD = "gnu++0x";
				CLANG_CXX_LIBRARY = "libc++";
				CLANG_ENABLE_MODULES = YES;
				CLANG_ENABLE_OBJC_ARC = YES;
				CLANG_WARN_BOOL_CONVERSION = YES;
				CLANG_WARN_CONSTANT_CONVERSION = YES;
				CLANG_WARN_DIRECT_OBJC_ISA_USAGE = YES_ERROR;
				CLANG_WARN_EMPTY_BODY = YES;
				CLANG_WARN_ENUM_CONVERSION = YES;
				CLANG_WARN_INT_CONVERSION = YES;
				CLANG_WARN_OBJC_ROOT_CLASS = YES_ERROR;
				CLANG_WARN_UNREACHABLE_CODE = YES;
				CLANG_WARN__DUPLICATE_METHOD_MATCH = YES;
				"CODE_SIGN_IDENTITY[sdk=iphoneos*]" = "iPhone Developer";
				COPY_PHASE_STRIP = NO;
				ENABLE_STRICT_OBJC_MSGSEND = YES;
				GCC_C_LANGUAGE_STANDARD = gnu99;
				GCC_DYNAMIC_NO_PIC = NO;
				GCC_OPTIMIZATION_LEVEL = 0;
				GCC_PREPROCESSOR_DEFINITIONS = (
					"DEBUG=1",
					"$(inherited)",
				);
				GCC_SYMBOLS_PRIVATE_EXTERN = NO;
				GCC_WARN_64_TO_32_BIT_CONVERSION = YES;
				GCC_WARN_ABOUT_RETURN_TYPE = YES_ERROR;
				GCC_WARN_UNDECLARED_SELECTOR = YES;
				GCC_WARN_UNINITIALIZED_AUTOS = YES_AGGRESSIVE;
				GCC_WARN_UNUSED_FUNCTION = YES;
				GCC_WARN_UNUSED_VARIABLE = YES;
				IPHONEOS_DEPLOYMENT_TARGET = 8.0;
				MTL_ENABLE_DEBUG_INFO = YES;
				ONLY_ACTIVE_ARCH = YES;
				SDKROOT = iphoneos;
				SWIFT_OPTIMIZATION_LEVEL = "-Onone";
			};
			name = Debug;
		};
		CF9BC4CB19DE742300EAA870 /* Release */ = {
			isa = XCBuildConfiguration;
			buildSettings = {
				ALWAYS_SEARCH_USER_PATHS = NO;
				CLANG_CXX_LANGUAGE_STANDARD = "gnu++0x";
				CLANG_CXX_LIBRARY = "libc++";
				CLANG_ENABLE_MODULES = YES;
				CLANG_ENABLE_OBJC_ARC = YES;
				CLANG_WARN_BOOL_CONVERSION = YES;
				CLANG_WARN_CONSTANT_CONVERSION = YES;
				CLANG_WARN_DIRECT_OBJC_ISA_USAGE = YES_ERROR;
				CLANG_WARN_EMPTY_BODY = YES;
				CLANG_WARN_ENUM_CONVERSION = YES;
				CLANG_WARN_INT_CONVERSION = YES;
				CLANG_WARN_OBJC_ROOT_CLASS = YES_ERROR;
				CLANG_WARN_UNREACHABLE_CODE = YES;
				CLANG_WARN__DUPLICATE_METHOD_MATCH = YES;
				"CODE_SIGN_IDENTITY[sdk=iphoneos*]" = "iPhone Developer";
				COPY_PHASE_STRIP = YES;
				ENABLE_NS_ASSERTIONS = NO;
				ENABLE_STRICT_OBJC_MSGSEND = YES;
				GCC_C_LANGUAGE_STANDARD = gnu99;
				GCC_WARN_64_TO_32_BIT_CONVERSION = YES;
				GCC_WARN_ABOUT_RETURN_TYPE = YES_ERROR;
				GCC_WARN_UNDECLARED_SELECTOR = YES;
				GCC_WARN_UNINITIALIZED_AUTOS = YES_AGGRESSIVE;
				GCC_WARN_UNUSED_FUNCTION = YES;
				GCC_WARN_UNUSED_VARIABLE = YES;
				IPHONEOS_DEPLOYMENT_TARGET = 8.0;
				MTL_ENABLE_DEBUG_INFO = NO;
				SDKROOT = iphoneos;
				VALIDATE_PRODUCT = YES;
			};
			name = Release;
		};
		CF9BC4CD19DE742300EAA870 /* Debug */ = {
			isa = XCBuildConfiguration;
			buildSettings = {
				ASSETCATALOG_COMPILER_APPICON_NAME = AppIcon;
				INFOPLIST_FILE = "Learning Swift/Info.plist";
				LD_RUNPATH_SEARCH_PATHS = "$(inherited) @executable_path/Frameworks";
				PRODUCT_NAME = "$(TARGET_NAME)";
			};
			name = Debug;
		};
		CF9BC4CE19DE742300EAA870 /* Release */ = {
			isa = XCBuildConfiguration;
			buildSettings = {
				ASSETCATALOG_COMPILER_APPICON_NAME = AppIcon;
				INFOPLIST_FILE = "Learning Swift/Info.plist";
				LD_RUNPATH_SEARCH_PATHS = "$(inherited) @executable_path/Frameworks";
				PRODUCT_NAME = "$(TARGET_NAME)";
			};
			name = Release;
		};
		CF9BC4D019DE742300EAA870 /* Debug */ = {
			isa = XCBuildConfiguration;
			buildSettings = {
				BUNDLE_LOADER = "$(TEST_HOST)";
				FRAMEWORK_SEARCH_PATHS = (
					"$(SDKROOT)/Developer/Library/Frameworks",
					"$(inherited)",
				);
				GCC_PREPROCESSOR_DEFINITIONS = (
					"DEBUG=1",
					"$(inherited)",
				);
				INFOPLIST_FILE = "Learning SwiftTests/Info.plist";
				LD_RUNPATH_SEARCH_PATHS = "$(inherited) @executable_path/Frameworks @loader_path/Frameworks";
				PRODUCT_NAME = "$(TARGET_NAME)";
				TEST_HOST = "$(BUILT_PRODUCTS_DIR)/Learning Swift.app/Learning Swift";
			};
			name = Debug;
		};
		CF9BC4D119DE742300EAA870 /* Release */ = {
			isa = XCBuildConfiguration;
			buildSettings = {
				BUNDLE_LOADER = "$(TEST_HOST)";
				FRAMEWORK_SEARCH_PATHS = (
					"$(SDKROOT)/Developer/Library/Frameworks",
					"$(inherited)",
				);
				INFOPLIST_FILE = "Learning SwiftTests/Info.plist";
				LD_RUNPATH_SEARCH_PATHS = "$(inherited) @executable_path/Frameworks @loader_path/Frameworks";
				PRODUCT_NAME = "$(TARGET_NAME)";
				TEST_HOST = "$(BUILT_PRODUCTS_DIR)/Learning Swift.app/Learning Swift";
			};
			name = Release;
		};
/* End XCBuildConfiguration section */

/* Begin XCConfigurationList section */
		CF9BC4A819DE742300EAA870 /* Build configuration list for PBXProject "Learning Swift" */ = {
			isa = XCConfigurationList;
			buildConfigurations = (
				CF9BC4CA19DE742300EAA870 /* Debug */,
				CF9BC4CB19DE742300EAA870 /* Release */,
			);
			defaultConfigurationIsVisible = 0;
			defaultConfigurationName = Release;
		};
		CF9BC4CC19DE742300EAA870 /* Build configuration list for PBXNativeTarget "Learning Swift" */ = {
			isa = XCConfigurationList;
			buildConfigurations = (
				CF9BC4CD19DE742300EAA870 /* Debug */,
				CF9BC4CE19DE742300EAA870 /* Release */,
			);
			defaultConfigurationIsVisible = 0;
			defaultConfigurationName = Release;
		};
		CF9BC4CF19DE742300EAA870 /* Build configuration list for PBXNativeTarget "Learning SwiftTests" */ = {
			isa = XCConfigurationList;
			buildConfigurations = (
				CF9BC4D019DE742300EAA870 /* Debug */,
				CF9BC4D119DE742300EAA870 /* Release */,
			);
			defaultConfigurationIsVisible = 0;
			defaultConfigurationName = Release;
		};
/* End XCConfigurationList section */
	};
	rootObject = CF9BC4A519DE742300EAA870 /* Project object */;
}
