// !$*UTF8*$!
{
	archiveVersion = 1;
	classes = {
	};
	objectVersion = 46;
	objects = {

/* Begin PBXBuildFile section */
		CF4198FC1A06EA1B00C13A88 /* AppDelegate.swift in Sources */ = {isa = PBXBuildFile; fileRef = CF4198FB1A06EA1B00C13A88 /* AppDelegate.swift */; };
		CF4198FE1A06EA1B00C13A88 /* ViewController.swift in Sources */ = {isa = PBXBuildFile; fileRef = CF4198FD1A06EA1B00C13A88 /* ViewController.swift */; };
		CF4199011A06EA1B00C13A88 /* Main.storyboard in Resources */ = {isa = PBXBuildFile; fileRef = CF4198FF1A06EA1B00C13A88 /* Main.storyboard */; };
		CF4199031A06EA1B00C13A88 /* Images.xcassets in Resources */ = {isa = PBXBuildFile; fileRef = CF4199021A06EA1B00C13A88 /* Images.xcassets */; };
		CF4199061A06EA1B00C13A88 /* LaunchScreen.xib in Resources */ = {isa = PBXBuildFile; fileRef = CF4199041A06EA1B00C13A88 /* LaunchScreen.xib */; };
		CF4199121A06EA1B00C13A88 /* IsItPrimeTests.swift in Sources */ = {isa = PBXBuildFile; fileRef = CF4199111A06EA1B00C13A88 /* IsItPrimeTests.swift */; };
/* End PBXBuildFile section */

/* Begin PBXContainerItemProxy section */
		CF41990C1A06EA1B00C13A88 /* PBXContainerItemProxy */ = {
			isa = PBXContainerItemProxy;
			containerPortal = CF4198EE1A06EA1B00C13A88 /* Project object */;
			proxyType = 1;
			remoteGlobalIDString = CF4198F51A06EA1B00C13A88;
			remoteInfo = IsItPrime;
		};
/* End PBXContainerItemProxy section */

/* Begin PBXFileReference section */
		CF4198F61A06EA1B00C13A88 /* IsItPrime.app */ = {isa = PBXFileReference; explicitFileType = wrapper.application; includeInIndex = 0; path = IsItPrime.app; sourceTree = BUILT_PRODUCTS_DIR; };
		CF4198FA1A06EA1B00C13A88 /* Info.plist */ = {isa = PBXFileReference; lastKnownFileType = text.plist.xml; path = Info.plist; sourceTree = "<group>"; };
		CF4198FB1A06EA1B00C13A88 /* AppDelegate.swift */ = {isa = PBXFileReference; lastKnownFileType = sourcecode.swift; path = AppDelegate.swift; sourceTree = "<group>"; };
		CF4198FD1A06EA1B00C13A88 /* ViewController.swift */ = {isa = PBXFileReference; lastKnownFileType = sourcecode.swift; path = ViewController.swift; sourceTree = "<group>"; };
		CF4199001A06EA1B00C13A88 /* Base */ = {isa = PBXFileReference; lastKnownFileType = file.storyboard; name = Base; path = Base.lproj/Main.storyboard; sourceTree = "<group>"; };
		CF4199021A06EA1B00C13A88 /* Images.xcassets */ = {isa = PBXFileReference; lastKnownFileType = folder.assetcatalog; path = Images.xcassets; sourceTree = "<group>"; };
		CF4199051A06EA1B00C13A88 /* Base */ = {isa = PBXFileReference; lastKnownFileType = file.xib; name = Base; path = Base.lproj/LaunchScreen.xib; sourceTree = "<group>"; };
		CF41990B1A06EA1B00C13A88 /* IsItPrimeTests.xctest */ = {isa = PBXFileReference; explicitFileType = wrapper.cfbundle; includeInIndex = 0; path = IsItPrimeTests.xctest; sourceTree = BUILT_PRODUCTS_DIR; };
		CF4199101A06EA1B00C13A88 /* Info.plist */ = {isa = PBXFileReference; lastKnownFileType = text.plist.xml; path = Info.plist; sourceTree = "<group>"; };
		CF4199111A06EA1B00C13A88 /* IsItPrimeTests.swift */ = {isa = PBXFileReference; lastKnownFileType = sourcecode.swift; path = IsItPrimeTests.swift; sourceTree = "<group>"; };
/* End PBXFileReference section */

/* Begin PBXFrameworksBuildPhase section */
		CF4198F31A06EA1B00C13A88 /* Frameworks */ = {
			isa = PBXFrameworksBuildPhase;
			buildActionMask = 2147483647;
			files = (
			);
			runOnlyForDeploymentPostprocessing = 0;
		};
		CF4199081A06EA1B00C13A88 /* Frameworks */ = {
			isa = PBXFrameworksBuildPhase;
			buildActionMask = 2147483647;
			files = (
			);
			runOnlyForDeploymentPostprocessing = 0;
		};
/* End PBXFrameworksBuildPhase section */

/* Begin PBXGroup section */
		CF4198ED1A06EA1B00C13A88 = {
			isa = PBXGroup;
			children = (
				CF4198F81A06EA1B00C13A88 /* IsItPrime */,
				CF41990E1A06EA1B00C13A88 /* IsItPrimeTests */,
				CF4198F71A06EA1B00C13A88 /* Products */,
			);
			sourceTree = "<group>";
		};
		CF4198F71A06EA1B00C13A88 /* Products */ = {
			isa = PBXGroup;
			children = (
				CF4198F61A06EA1B00C13A88 /* IsItPrime.app */,
				CF41990B1A06EA1B00C13A88 /* IsItPrimeTests.xctest */,
			);
			name = Products;
			sourceTree = "<group>";
		};
		CF4198F81A06EA1B00C13A88 /* IsItPrime */ = {
			isa = PBXGroup;
			children = (
				CF4198FB1A06EA1B00C13A88 /* AppDelegate.swift */,
				CF4198FD1A06EA1B00C13A88 /* ViewController.swift */,
				CF4198FF1A06EA1B00C13A88 /* Main.storyboard */,
				CF4199021A06EA1B00C13A88 /* Images.xcassets */,
				CF4199041A06EA1B00C13A88 /* LaunchScreen.xib */,
				CF4198F91A06EA1B00C13A88 /* Supporting Files */,
			);
			path = IsItPrime;
			sourceTree = "<group>";
		};
		CF4198F91A06EA1B00C13A88 /* Supporting Files */ = {
			isa = PBXGroup;
			children = (
				CF4198FA1A06EA1B00C13A88 /* Info.plist */,
			);
			name = "Supporting Files";
			sourceTree = "<group>";
		};
		CF41990E1A06EA1B00C13A88 /* IsItPrimeTests */ = {
			isa = PBXGroup;
			children = (
				CF4199111A06EA1B00C13A88 /* IsItPrimeTests.swift */,
				CF41990F1A06EA1B00C13A88 /* Supporting Files */,
			);
			path = IsItPrimeTests;
			sourceTree = "<group>";
		};
		CF41990F1A06EA1B00C13A88 /* Supporting Files */ = {
			isa = PBXGroup;
			children = (
				CF4199101A06EA1B00C13A88 /* Info.plist */,
			);
			name = "Supporting Files";
			sourceTree = "<group>";
		};
/* End PBXGroup section */

/* Begin PBXNativeTarget section */
		CF4198F51A06EA1B00C13A88 /* IsItPrime */ = {
			isa = PBXNativeTarget;
			buildConfigurationList = CF4199151A06EA1B00C13A88 /* Build configuration list for PBXNativeTarget "IsItPrime" */;
			buildPhases = (
				CF4198F21A06EA1B00C13A88 /* Sources */,
				CF4198F31A06EA1B00C13A88 /* Frameworks */,
				CF4198F41A06EA1B00C13A88 /* Resources */,
			);
			buildRules = (
			);
			dependencies = (
			);
			name = IsItPrime;
			productName = IsItPrime;
			productReference = CF4198F61A06EA1B00C13A88 /* IsItPrime.app */;
			productType = "com.apple.product-type.application";
		};
		CF41990A1A06EA1B00C13A88 /* IsItPrimeTests */ = {
			isa = PBXNativeTarget;
			buildConfigurationList = CF4199181A06EA1B00C13A88 /* Build configuration list for PBXNativeTarget "IsItPrimeTests" */;
			buildPhases = (
				CF4199071A06EA1B00C13A88 /* Sources */,
				CF4199081A06EA1B00C13A88 /* Frameworks */,
				CF4199091A06EA1B00C13A88 /* Resources */,
			);
			buildRules = (
			);
			dependencies = (
				CF41990D1A06EA1B00C13A88 /* PBXTargetDependency */,
			);
			name = IsItPrimeTests;
			productName = IsItPrimeTests;
			productReference = CF41990B1A06EA1B00C13A88 /* IsItPrimeTests.xctest */;
			productType = "com.apple.product-type.bundle.unit-test";
		};
/* End PBXNativeTarget section */

/* Begin PBXProject section */
		CF4198EE1A06EA1B00C13A88 /* Project object */ = {
			isa = PBXProject;
			attributes = {
				LastUpgradeCheck = 0610;
				ORGANIZATIONNAME = Udemy;
				TargetAttributes = {
					CF4198F51A06EA1B00C13A88 = {
						CreatedOnToolsVersion = 6.1;
					};
					CF41990A1A06EA1B00C13A88 = {
						CreatedOnToolsVersion = 6.1;
						TestTargetID = CF4198F51A06EA1B00C13A88;
					};
				};
			};
			buildConfigurationList = CF4198F11A06EA1B00C13A88 /* Build configuration list for PBXProject "IsItPrime" */;
			compatibilityVersion = "Xcode 3.2";
			developmentRegion = English;
			hasScannedForEncodings = 0;
			knownRegions = (
				en,
				Base,
			);
			mainGroup = CF4198ED1A06EA1B00C13A88;
			productRefGroup = CF4198F71A06EA1B00C13A88 /* Products */;
			projectDirPath = "";
			projectRoot = "";
			targets = (
				CF4198F51A06EA1B00C13A88 /* IsItPrime */,
				CF41990A1A06EA1B00C13A88 /* IsItPrimeTests */,
			);
		};
/* End PBXProject section */

/* Begin PBXResourcesBuildPhase section */
		CF4198F41A06EA1B00C13A88 /* Resources */ = {
			isa = PBXResourcesBuildPhase;
			buildActionMask = 2147483647;
			files = (
				CF4199011A06EA1B00C13A88 /* Main.storyboard in Resources */,
				CF4199061A06EA1B00C13A88 /* LaunchScreen.xib in Resources */,
				CF4199031A06EA1B00C13A88 /* Images.xcassets in Resources */,
			);
			runOnlyForDeploymentPostprocessing = 0;
		};
		CF4199091A06EA1B00C13A88 /* Resources */ = {
			isa = PBXResourcesBuildPhase;
			buildActionMask = 2147483647;
			files = (
			);
			runOnlyForDeploymentPostprocessing = 0;
		};
/* End PBXResourcesBuildPhase section */

/* Begin PBXSourcesBuildPhase section */
		CF4198F21A06EA1B00C13A88 /* Sources */ = {
			isa = PBXSourcesBuildPhase;
			buildActionMask = 2147483647;
			files = (
				CF4198FE1A06EA1B00C13A88 /* ViewController.swift in Sources */,
				CF4198FC1A06EA1B00C13A88 /* AppDelegate.swift in Sources */,
			);
			runOnlyForDeploymentPostprocessing = 0;
		};
		CF4199071A06EA1B00C13A88 /* Sources */ = {
			isa = PBXSourcesBuildPhase;
			buildActionMask = 2147483647;
			files = (
				CF4199121A06EA1B00C13A88 /* IsItPrimeTests.swift in Sources */,
			);
			runOnlyForDeploymentPostprocessing = 0;
		};
/* End PBXSourcesBuildPhase section */

/* Begin PBXTargetDependency section */
		CF41990D1A06EA1B00C13A88 /* PBXTargetDependency */ = {
			isa = PBXTargetDependency;
			target = CF4198F51A06EA1B00C13A88 /* IsItPrime */;
			targetProxy = CF41990C1A06EA1B00C13A88 /* PBXContainerItemProxy */;
		};
/* End PBXTargetDependency section */

/* Begin PBXVariantGroup section */
		CF4198FF1A06EA1B00C13A88 /* Main.storyboard */ = {
			isa = PBXVariantGroup;
			children = (
				CF4199001A06EA1B00C13A88 /* Base */,
			);
			name = Main.storyboard;
			sourceTree = "<group>";
		};
		CF4199041A06EA1B00C13A88 /* LaunchScreen.xib */ = {
			isa = PBXVariantGroup;
			children = (
				CF4199051A06EA1B00C13A88 /* Base */,
			);
			name = LaunchScreen.xib;
			sourceTree = "<group>";
		};
/* End PBXVariantGroup section */

/* Begin XCBuildConfiguration section */
		CF4199131A06EA1B00C13A88 /* Debug */ = {
			isa = XCBuildConfiguration;
			buildSettings = {
				ALWAYS_SEARCH_USER_PATHS = NO;
				CLANG_CXX_LANGUAGE_STANDARD = "gnu++0x";
				CLANG_CXX_LIBRARY = "libc++";
				CLANG_ENABLE_MODULES = YES;
				CLANG_ENABLE_OBJC_ARC = YES;
				CLANG_WARN_BOOL_CONVERSION = YES;
				CLANG_WARN_CONSTANT_CONVERSION = YES;
				CLANG_WARN_DIRECT_OBJC_ISA_USAGE = YES_ERROR;
				CLANG_WARN_EMPTY_BODY = YES;
				CLANG_WARN_ENUM_CONVERSION = YES;
				CLANG_WARN_INT_CONVERSION = YES;
				CLANG_WARN_OBJC_ROOT_CLASS = YES_ERROR;
				CLANG_WARN_UNREACHABLE_CODE = YES;
				CLANG_WARN__DUPLICATE_METHOD_MATCH = YES;
				"CODE_SIGN_IDENTITY[sdk=iphoneos*]" = "iPhone Developer";
				COPY_PHASE_STRIP = NO;
				ENABLE_STRICT_OBJC_MSGSEND = YES;
				GCC_C_LANGUAGE_STANDARD = gnu99;
				GCC_DYNAMIC_NO_PIC = NO;
				GCC_OPTIMIZATION_LEVEL = 0;
				GCC_PREPROCESSOR_DEFINITIONS = (
					"DEBUG=1",
					"$(inherited)",
				);
				GCC_SYMBOLS_PRIVATE_EXTERN = NO;
				GCC_WARN_64_TO_32_BIT_CONVERSION = YES;
				GCC_WARN_ABOUT_RETURN_TYPE = YES_ERROR;
				GCC_WARN_UNDECLARED_SELECTOR = YES;
				GCC_WARN_UNINITIALIZED_AUTOS = YES_AGGRESSIVE;
				GCC_WARN_UNUSED_FUNCTION = YES;
				GCC_WARN_UNUSED_VARIABLE = YES;
				IPHONEOS_DEPLOYMENT_TARGET = 8.1;
				MTL_ENABLE_DEBUG_INFO = YES;
				ONLY_ACTIVE_ARCH = YES;
				SDKROOT = iphoneos;
				SWIFT_OPTIMIZATION_LEVEL = "-Onone";
			};
			name = Debug;
		};
		CF4199141A06EA1B00C13A88 /* Release */ = {
			isa = XCBuildConfiguration;
			buildSettings = {
				ALWAYS_SEARCH_USER_PATHS = NO;
				CLANG_CXX_LANGUAGE_STANDARD = "gnu++0x";
				CLANG_CXX_LIBRARY = "libc++";
				CLANG_ENABLE_MODULES = YES;
				CLANG_ENABLE_OBJC_ARC = YES;
				CLANG_WARN_BOOL_CONVERSION = YES;
				CLANG_WARN_CONSTANT_CONVERSION = YES;
				CLANG_WARN_DIRECT_OBJC_ISA_USAGE = YES_ERROR;
				CLANG_WARN_EMPTY_BODY = YES;
				CLANG_WARN_ENUM_CONVERSION = YES;
				CLANG_WARN_INT_CONVERSION = YES;
				CLANG_WARN_OBJC_ROOT_CLASS = YES_ERROR;
				CLANG_WARN_UNREACHABLE_CODE = YES;
				CLANG_WARN__DUPLICATE_METHOD_MATCH = YES;
				"CODE_SIGN_IDENTITY[sdk=iphoneos*]" = "iPhone Developer";
				COPY_PHASE_STRIP = YES;
				ENABLE_NS_ASSERTIONS = NO;
				ENABLE_STRICT_OBJC_MSGSEND = YES;
				GCC_C_LANGUAGE_STANDARD = gnu99;
				GCC_WARN_64_TO_32_BIT_CONVERSION = YES;
				GCC_WARN_ABOUT_RETURN_TYPE = YES_ERROR;
				GCC_WARN_UNDECLARED_SELECTOR = YES;
				GCC_WARN_UNINITIALIZED_AUTOS = YES_AGGRESSIVE;
				GCC_WARN_UNUSED_FUNCTION = YES;
				GCC_WARN_UNUSED_VARIABLE = YES;
				IPHONEOS_DEPLOYMENT_TARGET = 8.1;
				MTL_ENABLE_DEBUG_INFO = NO;
				SDKROOT = iphoneos;
				VALIDATE_PRODUCT = YES;
			};
			name = Release;
		};
		CF4199161A06EA1B00C13A88 /* Debug */ = {
			isa = XCBuildConfiguration;
			buildSettings = {
				ASSETCATALOG_COMPILER_APPICON_NAME = AppIcon;
				INFOPLIST_FILE = IsItPrime/Info.plist;
				LD_RUNPATH_SEARCH_PATHS = "$(inherited) @executable_path/Frameworks";
				PRODUCT_NAME = "$(TARGET_NAME)";
			};
			name = Debug;
		};
		CF4199171A06EA1B00C13A88 /* Release */ = {
			isa = XCBuildConfiguration;
			buildSettings = {
				ASSETCATALOG_COMPILER_APPICON_NAME = AppIcon;
				INFOPLIST_FILE = IsItPrime/Info.plist;
				LD_RUNPATH_SEARCH_PATHS = "$(inherited) @executable_path/Frameworks";
				PRODUCT_NAME = "$(TARGET_NAME)";
			};
			name = Release;
		};
		CF4199191A06EA1B00C13A88 /* Debug */ = {
			isa = XCBuildConfiguration;
			buildSettings = {
				BUNDLE_LOADER = "$(TEST_HOST)";
				FRAMEWORK_SEARCH_PATHS = (
					"$(SDKROOT)/Developer/Library/Frameworks",
					"$(inherited)",
				);
				GCC_PREPROCESSOR_DEFINITIONS = (
					"DEBUG=1",
					"$(inherited)",
				);
				INFOPLIST_FILE = IsItPrimeTests/Info.plist;
				LD_RUNPATH_SEARCH_PATHS = "$(inherited) @executable_path/Frameworks @loader_path/Frameworks";
				PRODUCT_NAME = "$(TARGET_NAME)";
				TEST_HOST = "$(BUILT_PRODUCTS_DIR)/IsItPrime.app/IsItPrime";
			};
			name = Debug;
		};
		CF41991A1A06EA1B00C13A88 /* Release */ = {
			isa = XCBuildConfiguration;
			buildSettings = {
				BUNDLE_LOADER = "$(TEST_HOST)";
				FRAMEWORK_SEARCH_PATHS = (
					"$(SDKROOT)/Developer/Library/Frameworks",
					"$(inherited)",
				);
				INFOPLIST_FILE = IsItPrimeTests/Info.plist;
				LD_RUNPATH_SEARCH_PATHS = "$(inherited) @executable_path/Frameworks @loader_path/Frameworks";
				PRODUCT_NAME = "$(TARGET_NAME)";
				TEST_HOST = "$(BUILT_PRODUCTS_DIR)/IsItPrime.app/IsItPrime";
			};
			name = Release;
		};
/* End XCBuildConfiguration section */

/* Begin XCConfigurationList section */
		CF4198F11A06EA1B00C13A88 /* Build configuration list for PBXProject "IsItPrime" */ = {
			isa = XCConfigurationList;
			buildConfigurations = (
				CF4199131A06EA1B00C13A88 /* Debug */,
				CF4199141A06EA1B00C13A88 /* Release */,
			);
			defaultConfigurationIsVisible = 0;
			defaultConfigurationName = Release;
		};
		CF4199151A06EA1B00C13A88 /* Build configuration list for PBXNativeTarget "IsItPrime" */ = {
			isa = XCConfigurationList;
			buildConfigurations = (
				CF4199161A06EA1B00C13A88 /* Debug */,
				CF4199171A06EA1B00C13A88 /* Release */,
			);
			defaultConfigurationIsVisible = 0;
		};
		CF4199181A06EA1B00C13A88 /* Build configuration list for PBXNativeTarget "IsItPrimeTests" */ = {
			isa = XCConfigurationList;
			buildConfigurations = (
				CF4199191A06EA1B00C13A88 /* Debug */,
				CF41991A1A06EA1B00C13A88 /* Release */,
			);
			defaultConfigurationIsVisible = 0;
		};
/* End XCConfigurationList section */
	};
	rootObject = CF4198EE1A06EA1B00C13A88 /* Project object */;
}
