// !$*UTF8*$!
{
	archiveVersion = 1;
	classes = {
	};
	objectVersion = 46;
	objects = {

/* Begin PBXBuildFile section */
		CF4198CE1A06E3FC00C13A88 /* AppDelegate.swift in Sources */ = {isa = PBXBuildFile; fileRef = CF4198CD1A06E3FC00C13A88 /* AppDelegate.swift */; };
		CF4198D01A06E3FC00C13A88 /* ViewController.swift in Sources */ = {isa = PBXBuildFile; fileRef = CF4198CF1A06E3FC00C13A88 /* ViewController.swift */; };
		CF4198D31A06E3FC00C13A88 /* Main.storyboard in Resources */ = {isa = PBXBuildFile; fileRef = CF4198D11A06E3FC00C13A88 /* Main.storyboard */; };
		CF4198D51A06E3FC00C13A88 /* Images.xcassets in Resources */ = {isa = PBXBuildFile; fileRef = CF4198D41A06E3FC00C13A88 /* Images.xcassets */; };
		CF4198D81A06E3FC00C13A88 /* LaunchScreen.xib in Resources */ = {isa = PBXBuildFile; fileRef = CF4198D61A06E3FC00C13A88 /* LaunchScreen.xib */; };
		CF4198E41A06E3FC00C13A88 /* Is_It_Prime_Tests.swift in Sources */ = {isa = PBXBuildFile; fileRef = CF4198E31A06E3FC00C13A88 /* Is_It_Prime_Tests.swift */; };
/* End PBXBuildFile section */

/* Begin PBXContainerItemProxy section */
		CF4198DE1A06E3FC00C13A88 /* PBXContainerItemProxy */ = {
			isa = PBXContainerItemProxy;
			containerPortal = CF4198C01A06E3FB00C13A88 /* Project object */;
			proxyType = 1;
			remoteGlobalIDString = CF4198C71A06E3FC00C13A88;
			remoteInfo = "Is It Prime?";
		};
/* End PBXContainerItemProxy section */

/* Begin PBXFileReference section */
		CF4198C81A06E3FC00C13A88 /* Is It Prime?.app */ = {isa = PBXFileReference; explicitFileType = wrapper.application; includeInIndex = 0; path = "Is It Prime?.app"; sourceTree = BUILT_PRODUCTS_DIR; };
		CF4198CC1A06E3FC00C13A88 /* Info.plist */ = {isa = PBXFileReference; lastKnownFileType = text.plist.xml; path = Info.plist; sourceTree = "<group>"; };
		CF4198CD1A06E3FC00C13A88 /* AppDelegate.swift */ = {isa = PBXFileReference; lastKnownFileType = sourcecode.swift; path = AppDelegate.swift; sourceTree = "<group>"; };
		CF4198CF1A06E3FC00C13A88 /* ViewController.swift */ = {isa = PBXFileReference; lastKnownFileType = sourcecode.swift; path = ViewController.swift; sourceTree = "<group>"; };
		CF4198D21A06E3FC00C13A88 /* Base */ = {isa = PBXFileReference; lastKnownFileType = file.storyboard; name = Base; path = Base.lproj/Main.storyboard; sourceTree = "<group>"; };
		CF4198D41A06E3FC00C13A88 /* Images.xcassets */ = {isa = PBXFileReference; lastKnownFileType = folder.assetcatalog; path = Images.xcassets; sourceTree = "<group>"; };
		CF4198D71A06E3FC00C13A88 /* Base */ = {isa = PBXFileReference; lastKnownFileType = file.xib; name = Base; path = Base.lproj/LaunchScreen.xib; sourceTree = "<group>"; };
		CF4198DD1A06E3FC00C13A88 /* Is It Prime?Tests.xctest */ = {isa = PBXFileReference; explicitFileType = wrapper.cfbundle; includeInIndex = 0; path = "Is It Prime?Tests.xctest"; sourceTree = BUILT_PRODUCTS_DIR; };
		CF4198E21A06E3FC00C13A88 /* Info.plist */ = {isa = PBXFileReference; lastKnownFileType = text.plist.xml; path = Info.plist; sourceTree = "<group>"; };
		CF4198E31A06E3FC00C13A88 /* Is_It_Prime_Tests.swift */ = {isa = PBXFileReference; lastKnownFileType = sourcecode.swift; path = Is_It_Prime_Tests.swift; sourceTree = "<group>"; };
/* End PBXFileReference section */

/* Begin PBXFrameworksBuildPhase section */
		CF4198C51A06E3FC00C13A88 /* Frameworks */ = {
			isa = PBXFrameworksBuildPhase;
			buildActionMask = 2147483647;
			files = (
			);
			runOnlyForDeploymentPostprocessing = 0;
		};
		CF4198DA1A06E3FC00C13A88 /* Frameworks */ = {
			isa = PBXFrameworksBuildPhase;
			buildActionMask = 2147483647;
			files = (
			);
			runOnlyForDeploymentPostprocessing = 0;
		};
/* End PBXFrameworksBuildPhase section */

/* Begin PBXGroup section */
		CF4198BF1A06E3FB00C13A88 = {
			isa = PBXGroup;
			children = (
				CF4198CA1A06E3FC00C13A88 /* Is It Prime? */,
				CF4198E01A06E3FC00C13A88 /* Is It Prime?Tests */,
				CF4198C91A06E3FC00C13A88 /* Products */,
			);
			sourceTree = "<group>";
		};
		CF4198C91A06E3FC00C13A88 /* Products */ = {
			isa = PBXGroup;
			children = (
				CF4198C81A06E3FC00C13A88 /* Is It Prime?.app */,
				CF4198DD1A06E3FC00C13A88 /* Is It Prime?Tests.xctest */,
			);
			name = Products;
			sourceTree = "<group>";
		};
		CF4198CA1A06E3FC00C13A88 /* Is It Prime? */ = {
			isa = PBXGroup;
			children = (
				CF4198CD1A06E3FC00C13A88 /* AppDelegate.swift */,
				CF4198CF1A06E3FC00C13A88 /* ViewController.swift */,
				CF4198D11A06E3FC00C13A88 /* Main.storyboard */,
				CF4198D41A06E3FC00C13A88 /* Images.xcassets */,
				CF4198D61A06E3FC00C13A88 /* LaunchScreen.xib */,
				CF4198CB1A06E3FC00C13A88 /* Supporting Files */,
			);
			path = "Is It Prime?";
			sourceTree = "<group>";
		};
		CF4198CB1A06E3FC00C13A88 /* Supporting Files */ = {
			isa = PBXGroup;
			children = (
				CF4198CC1A06E3FC00C13A88 /* Info.plist */,
			);
			name = "Supporting Files";
			sourceTree = "<group>";
		};
		CF4198E01A06E3FC00C13A88 /* Is It Prime?Tests */ = {
			isa = PBXGroup;
			children = (
				CF4198E31A06E3FC00C13A88 /* Is_It_Prime_Tests.swift */,
				CF4198E11A06E3FC00C13A88 /* Supporting Files */,
			);
			path = "Is It Prime?Tests";
			sourceTree = "<group>";
		};
		CF4198E11A06E3FC00C13A88 /* Supporting Files */ = {
			isa = PBXGroup;
			children = (
				CF4198E21A06E3FC00C13A88 /* Info.plist */,
			);
			name = "Supporting Files";
			sourceTree = "<group>";
		};
/* End PBXGroup section */

/* Begin PBXNativeTarget section */
		CF4198C71A06E3FC00C13A88 /* Is It Prime? */ = {
			isa = PBXNativeTarget;
			buildConfigurationList = CF4198E71A06E3FC00C13A88 /* Build configuration list for PBXNativeTarget "Is It Prime?" */;
			buildPhases = (
				CF4198C41A06E3FC00C13A88 /* Sources */,
				CF4198C51A06E3FC00C13A88 /* Frameworks */,
				CF4198C61A06E3FC00C13A88 /* Resources */,
			);
			buildRules = (
			);
			dependencies = (
			);
			name = "Is It Prime?";
			productName = "Is It Prime?";
			productReference = CF4198C81A06E3FC00C13A88 /* Is It Prime?.app */;
			productType = "com.apple.product-type.application";
		};
		CF4198DC1A06E3FC00C13A88 /* Is It Prime?Tests */ = {
			isa = PBXNativeTarget;
			buildConfigurationList = CF4198EA1A06E3FC00C13A88 /* Build configuration list for PBXNativeTarget "Is It Prime?Tests" */;
			buildPhases = (
				CF4198D91A06E3FC00C13A88 /* Sources */,
				CF4198DA1A06E3FC00C13A88 /* Frameworks */,
				CF4198DB1A06E3FC00C13A88 /* Resources */,
			);
			buildRules = (
			);
			dependencies = (
				CF4198DF1A06E3FC00C13A88 /* PBXTargetDependency */,
			);
			name = "Is It Prime?Tests";
			productName = "Is It Prime?Tests";
			productReference = CF4198DD1A06E3FC00C13A88 /* Is It Prime?Tests.xctest */;
			productType = "com.apple.product-type.bundle.unit-test";
		};
/* End PBXNativeTarget section */

/* Begin PBXProject section */
		CF4198C01A06E3FB00C13A88 /* Project object */ = {
			isa = PBXProject;
			attributes = {
				LastUpgradeCheck = 0610;
				ORGANIZATIONNAME = Udemy;
				TargetAttributes = {
					CF4198C71A06E3FC00C13A88 = {
						CreatedOnToolsVersion = 6.1;
					};
					CF4198DC1A06E3FC00C13A88 = {
						CreatedOnToolsVersion = 6.1;
						TestTargetID = CF4198C71A06E3FC00C13A88;
					};
				};
			};
			buildConfigurationList = CF4198C31A06E3FB00C13A88 /* Build configuration list for PBXProject "Is It Prime?" */;
			compatibilityVersion = "Xcode 3.2";
			developmentRegion = English;
			hasScannedForEncodings = 0;
			knownRegions = (
				en,
				Base,
			);
			mainGroup = CF4198BF1A06E3FB00C13A88;
			productRefGroup = CF4198C91A06E3FC00C13A88 /* Products */;
			projectDirPath = "";
			projectRoot = "";
			targets = (
				CF4198C71A06E3FC00C13A88 /* Is It Prime? */,
				CF4198DC1A06E3FC00C13A88 /* Is It Prime?Tests */,
			);
		};
/* End PBXProject section */

/* Begin PBXResourcesBuildPhase section */
		CF4198C61A06E3FC00C13A88 /* Resources */ = {
			isa = PBXResourcesBuildPhase;
			buildActionMask = 2147483647;
			files = (
				CF4198D31A06E3FC00C13A88 /* Main.storyboard in Resources */,
				CF4198D81A06E3FC00C13A88 /* LaunchScreen.xib in Resources */,
				CF4198D51A06E3FC00C13A88 /* Images.xcassets in Resources */,
			);
			runOnlyForDeploymentPostprocessing = 0;
		};
		CF4198DB1A06E3FC00C13A88 /* Resources */ = {
			isa = PBXResourcesBuildPhase;
			buildActionMask = 2147483647;
			files = (
			);
			runOnlyForDeploymentPostprocessing = 0;
		};
/* End PBXResourcesBuildPhase section */

/* Begin PBXSourcesBuildPhase section */
		CF4198C41A06E3FC00C13A88 /* Sources */ = {
			isa = PBXSourcesBuildPhase;
			buildActionMask = 2147483647;
			files = (
				CF4198D01A06E3FC00C13A88 /* ViewController.swift in Sources */,
				CF4198CE1A06E3FC00C13A88 /* AppDelegate.swift in Sources */,
			);
			runOnlyForDeploymentPostprocessing = 0;
		};
		CF4198D91A06E3FC00C13A88 /* Sources */ = {
			isa = PBXSourcesBuildPhase;
			buildActionMask = 2147483647;
			files = (
				CF4198E41A06E3FC00C13A88 /* Is_It_Prime_Tests.swift in Sources */,
			);
			runOnlyForDeploymentPostprocessing = 0;
		};
/* End PBXSourcesBuildPhase section */

/* Begin PBXTargetDependency section */
		CF4198DF1A06E3FC00C13A88 /* PBXTargetDependency */ = {
			isa = PBXTargetDependency;
			target = CF4198C71A06E3FC00C13A88 /* Is It Prime? */;
			targetProxy = CF4198DE1A06E3FC00C13A88 /* PBXContainerItemProxy */;
		};
/* End PBXTargetDependency section */

/* Begin PBXVariantGroup section */
		CF4198D11A06E3FC00C13A88 /* Main.storyboard */ = {
			isa = PBXVariantGroup;
			children = (
				CF4198D21A06E3FC00C13A88 /* Base */,
			);
			name = Main.storyboard;
			sourceTree = "<group>";
		};
		CF4198D61A06E3FC00C13A88 /* LaunchScreen.xib */ = {
			isa = PBXVariantGroup;
			children = (
				CF4198D71A06E3FC00C13A88 /* Base */,
			);
			name = LaunchScreen.xib;
			sourceTree = "<group>";
		};
/* End PBXVariantGroup section */

/* Begin XCBuildConfiguration section */
		CF4198E51A06E3FC00C13A88 /* Debug */ = {
			isa = XCBuildConfiguration;
			buildSettings = {
				ALWAYS_SEARCH_USER_PATHS = NO;
				CLANG_CXX_LANGUAGE_STANDARD = "gnu++0x";
				CLANG_CXX_LIBRARY = "libc++";
				CLANG_ENABLE_MODULES = YES;
				CLANG_ENABLE_OBJC_ARC = YES;
				CLANG_WARN_BOOL_CONVERSION = YES;
				CLANG_WARN_CONSTANT_CONVERSION = YES;
				CLANG_WARN_DIRECT_OBJC_ISA_USAGE = YES_ERROR;
				CLANG_WARN_EMPTY_BODY = YES;
				CLANG_WARN_ENUM_CONVERSION = YES;
				CLANG_WARN_INT_CONVERSION = YES;
				CLANG_WARN_OBJC_ROOT_CLASS = YES_ERROR;
				CLANG_WARN_UNREACHABLE_CODE = YES;
				CLANG_WARN__DUPLICATE_METHOD_MATCH = YES;
				"CODE_SIGN_IDENTITY[sdk=iphoneos*]" = "iPhone Developer";
				COPY_PHASE_STRIP = NO;
				ENABLE_STRICT_OBJC_MSGSEND = YES;
				GCC_C_LANGUAGE_STANDARD = gnu99;
				GCC_DYNAMIC_NO_PIC = NO;
				GCC_OPTIMIZATION_LEVEL = 0;
				GCC_PREPROCESSOR_DEFINITIONS = (
					"DEBUG=1",
					"$(inherited)",
				);
				GCC_SYMBOLS_PRIVATE_EXTERN = NO;
				GCC_WARN_64_TO_32_BIT_CONVERSION = YES;
				GCC_WARN_ABOUT_RETURN_TYPE = YES_ERROR;
				GCC_WARN_UNDECLARED_SELECTOR = YES;
				GCC_WARN_UNINITIALIZED_AUTOS = YES_AGGRESSIVE;
				GCC_WARN_UNUSED_FUNCTION = YES;
				GCC_WARN_UNUSED_VARIABLE = YES;
				IPHONEOS_DEPLOYMENT_TARGET = 8.1;
				MTL_ENABLE_DEBUG_INFO = YES;
				ONLY_ACTIVE_ARCH = YES;
				SDKROOT = iphoneos;
				SWIFT_OPTIMIZATION_LEVEL = "-Onone";
			};
			name = Debug;
		};
		CF4198E61A06E3FC00C13A88 /* Release */ = {
			isa = XCBuildConfiguration;
			buildSettings = {
				ALWAYS_SEARCH_USER_PATHS = NO;
				CLANG_CXX_LANGUAGE_STANDARD = "gnu++0x";
				CLANG_CXX_LIBRARY = "libc++";
				CLANG_ENABLE_MODULES = YES;
				CLANG_ENABLE_OBJC_ARC = YES;
				CLANG_WARN_BOOL_CONVERSION = YES;
				CLANG_WARN_CONSTANT_CONVERSION = YES;
				CLANG_WARN_DIRECT_OBJC_ISA_USAGE = YES_ERROR;
				CLANG_WARN_EMPTY_BODY = YES;
				CLANG_WARN_ENUM_CONVERSION = YES;
				CLANG_WARN_INT_CONVERSION = YES;
				CLANG_WARN_OBJC_ROOT_CLASS = YES_ERROR;
				CLANG_WARN_UNREACHABLE_CODE = YES;
				CLANG_WARN__DUPLICATE_METHOD_MATCH = YES;
				"CODE_SIGN_IDENTITY[sdk=iphoneos*]" = "iPhone Developer";
				COPY_PHASE_STRIP = YES;
				ENABLE_NS_ASSERTIONS = NO;
				ENABLE_STRICT_OBJC_MSGSEND = YES;
				GCC_C_LANGUAGE_STANDARD = gnu99;
				GCC_WARN_64_TO_32_BIT_CONVERSION = YES;
				GCC_WARN_ABOUT_RETURN_TYPE = YES_ERROR;
				GCC_WARN_UNDECLARED_SELECTOR = YES;
				GCC_WARN_UNINITIALIZED_AUTOS = YES_AGGRESSIVE;
				GCC_WARN_UNUSED_FUNCTION = YES;
				GCC_WARN_UNUSED_VARIABLE = YES;
				IPHONEOS_DEPLOYMENT_TARGET = 8.1;
				MTL_ENABLE_DEBUG_INFO = NO;
				SDKROOT = iphoneos;
				VALIDATE_PRODUCT = YES;
			};
			name = Release;
		};
		CF4198E81A06E3FC00C13A88 /* Debug */ = {
			isa = XCBuildConfiguration;
			buildSettings = {
				ASSETCATALOG_COMPILER_APPICON_NAME = AppIcon;
				INFOPLIST_FILE = "Is It Prime?/Info.plist";
				LD_RUNPATH_SEARCH_PATHS = "$(inherited) @executable_path/Frameworks";
				PRODUCT_NAME = "$(TARGET_NAME)";
			};
			name = Debug;
		};
		CF4198E91A06E3FC00C13A88 /* Release */ = {
			isa = XCBuildConfiguration;
			buildSettings = {
				ASSETCATALOG_COMPILER_APPICON_NAME = AppIcon;
				INFOPLIST_FILE = "Is It Prime?/Info.plist";
				LD_RUNPATH_SEARCH_PATHS = "$(inherited) @executable_path/Frameworks";
				PRODUCT_NAME = "$(TARGET_NAME)";
			};
			name = Release;
		};
		CF4198EB1A06E3FC00C13A88 /* Debug */ = {
			isa = XCBuildConfiguration;
			buildSettings = {
				BUNDLE_LOADER = "$(TEST_HOST)";
				FRAMEWORK_SEARCH_PATHS = (
					"$(SDKROOT)/Developer/Library/Frameworks",
					"$(inherited)",
				);
				GCC_PREPROCESSOR_DEFINITIONS = (
					"DEBUG=1",
					"$(inherited)",
				);
				INFOPLIST_FILE = "Is It Prime?Tests/Info.plist";
				LD_RUNPATH_SEARCH_PATHS = "$(inherited) @executable_path/Frameworks @loader_path/Frameworks";
				PRODUCT_NAME = "$(TARGET_NAME)";
				TEST_HOST = "$(BUILT_PRODUCTS_DIR)/Is It Prime?.app/Is It Prime?";
			};
			name = Debug;
		};
		CF4198EC1A06E3FC00C13A88 /* Release */ = {
			isa = XCBuildConfiguration;
			buildSettings = {
				BUNDLE_LOADER = "$(TEST_HOST)";
				FRAMEWORK_SEARCH_PATHS = (
					"$(SDKROOT)/Developer/Library/Frameworks",
					"$(inherited)",
				);
				INFOPLIST_FILE = "Is It Prime?Tests/Info.plist";
				LD_RUNPATH_SEARCH_PATHS = "$(inherited) @executable_path/Frameworks @loader_path/Frameworks";
				PRODUCT_NAME = "$(TARGET_NAME)";
				TEST_HOST = "$(BUILT_PRODUCTS_DIR)/Is It Prime?.app/Is It Prime?";
			};
			name = Release;
		};
/* End XCBuildConfiguration section */

/* Begin XCConfigurationList section */
		CF4198C31A06E3FB00C13A88 /* Build configuration list for PBXProject "Is It Prime?" */ = {
			isa = XCConfigurationList;
			buildConfigurations = (
				CF4198E51A06E3FC00C13A88 /* Debug */,
				CF4198E61A06E3FC00C13A88 /* Release */,
			);
			defaultConfigurationIsVisible = 0;
			defaultConfigurationName = Release;
		};
		CF4198E71A06E3FC00C13A88 /* Build configuration list for PBXNativeTarget "Is It Prime?" */ = {
			isa = XCConfigurationList;
			buildConfigurations = (
				CF4198E81A06E3FC00C13A88 /* Debug */,
				CF4198E91A06E3FC00C13A88 /* Release */,
			);
			defaultConfigurationIsVisible = 0;
		};
		CF4198EA1A06E3FC00C13A88 /* Build configuration list for PBXNativeTarget "Is It Prime?Tests" */ = {
			isa = XCConfigurationList;
			buildConfigurations = (
				CF4198EB1A06E3FC00C13A88 /* Debug */,
				CF4198EC1A06E3FC00C13A88 /* Release */,
			);
			defaultConfigurationIsVisible = 0;
		};
/* End XCConfigurationList section */
	};
	rootObject = CF4198C01A06E3FB00C13A88 /* Project object */;
}
